
Microsoft Visual Studio Solution File, Format Version 12.00
# Visual Studio Version 16
VisualStudioVersion = 16.0.33927.289
MinimumVisualStudioVersion = 10.0.40219.1
Project("{2150E333-8FDC-42A3-9474-1A3956D46DE8}") = "Project.V11", "Project.V11", "{E3280054-D87A-490E-9CC0-B98EB13B447F}"
EndProject
Project("{FAE04EC0-301F-11D3-BF4B-00C04F79EFBC}") = "Tyuiu.KosishnevaAN.Sprint7.Project.V11", "Tyuiu.KosishnevaAN.Sprint7.Project.V11\Tyuiu.KosishnevaAN.Sprint7.Project.V11.csproj", "{26545777-545E-407B-AE50-DC76AC650D44}"
EndProject
Project("{FAE04EC0-301F-11D3-BF4B-00C04F79EFBC}") = "Tyuiu.KosishnevaAN.Sprint7.Project.V11.Lib", "Tyuiu.KosishnevaAN.Sprint7.Project.V11.Lib\Tyuiu.KosishnevaAN.Sprint7.Project.V11.Lib.csproj", "{37565023-3246-46B6-8A03-2358318A58C0}"
EndProject
Project("{FAE04EC0-301F-11D3-BF4B-00C04F79EFBC}") = "Tyuiu.KosishnevaAN.Sprint7.Project.V11.Test", "Tyuiu.KosishnevaAN.Sprint7.Project.V11.Test\Tyuiu.KosishnevaAN.Sprint7.Project.V11.Test.csproj", "{F8F1A877-BD28-4AB5-8730-82B7F4B9D7EA}"
EndProject
Global
	GlobalSection(SolutionConfigurationPlatforms) = preSolution
		Debug|Any CPU = Debug|Any CPU
		Release|Any CPU = Release|Any CPU
	EndGlobalSection
	GlobalSection(ProjectConfigurationPlatforms) = postSolution
		{26545777-545E-407B-AE50-DC76AC650D44}.Debug|Any CPU.ActiveCfg = Debug|Any CPU
		{26545777-545E-407B-AE50-DC76AC650D44}.Debug|Any CPU.Build.0 = Debug|Any CPU
		{26545777-545E-407B-AE50-DC76AC650D44}.Release|Any CPU.ActiveCfg = Release|Any CPU
		{26545777-545E-407B-AE50-DC76AC650D44}.Release|Any CPU.Build.0 = Release|Any CPU
		{37565023-3246-46B6-8A03-2358318A58C0}.Debug|Any CPU.ActiveCfg = Debug|Any CPU
		{37565023-3246-46B6-8A03-2358318A58C0}.Debug|Any CPU.Build.0 = Debug|Any CPU
		{37565023-3246-46B6-8A03-2358318A58C0}.Release|Any CPU.ActiveCfg = Release|Any CPU
		{37565023-3246-46B6-8A03-2358318A58C0}.Release|Any CPU.Build.0 = Release|Any CPU
		{F8F1A877-BD28-4AB5-8730-82B7F4B9D7EA}.Debug|Any CPU.ActiveCfg = Debug|Any CPU
		{F8F1A877-BD28-4AB5-8730-82B7F4B9D7EA}.Debug|Any CPU.Build.0 = Debug|Any CPU
		{F8F1A877-BD28-4AB5-8730-82B7F4B9D7EA}.Release|Any CPU.ActiveCfg = Release|Any CPU
		{F8F1A877-BD28-4AB5-8730-82B7F4B9D7EA}.Release|Any CPU.Build.0 = Release|Any CPU
	EndGlobalSection
	GlobalSection(SolutionProperties) = preSolution
		HideSolutionNode = FALSE
	EndGlobalSection
	GlobalSection(NestedProjects) = preSolution
		{26545777-545E-407B-AE50-DC76AC650D44} = {E3280054-D87A-490E-9CC0-B98EB13B447F}
		{37565023-3246-46B6-8A03-2358318A58C0} = {E3280054-D87A-490E-9CC0-B98EB13B447F}
		{F8F1A877-BD28-4AB5-8730-82B7F4B9D7EA} = {E3280054-D87A-490E-9CC0-B98EB13B447F}
	EndGlobalSection
	GlobalSection(ExtensibilityGlobals) = postSolution
		SolutionGuid = {3E528B56-8B7B-4F9E-B921-A49400A3FD29}
	EndGlobalSection
EndGlobal
